
Microsoft Visual Studio Solution File, Format Version 12.00
# Visual Studio Version 17
VisualStudioVersion = 17.6.33723.286
MinimumVisualStudioVersion = 10.0.40219.1
Project("{FAE04EC0-301F-11D3-BF4B-00C04F79EFBC}") = "SinsModManager", "SinsModManager\SinsModManager.csproj", "{93FFF949-2C9A-48B2-BC9B-D1AA256EE115}"
EndProject
Global
	GlobalSection(SolutionConfigurationPlatforms) = preSolution
		Debug|Any CPU = Debug|Any CPU
		Release|Any CPU = Release|Any CPU
	EndGlobalSection
	GlobalSection(ProjectConfigurationPlatforms) = postSolution
		{93FFF949-2C9A-48B2-BC9B-D1AA256EE115}.Debug|Any CPU.ActiveCfg = Debug|Any CPU
		{93FFF949-2C9A-48B2-BC9B-D1AA256EE115}.Debug|Any CPU.Build.0 = Debug|Any CPU
		{93FFF949-2C9A-48B2-BC9B-D1AA256EE115}.Release|Any CPU.ActiveCfg = Release|Any CPU
		{93FFF949-2C9A-48B2-BC9B-D1AA256EE115}.Release|Any CPU.Build.0 = Release|Any CPU
	EndGlobalSection
	GlobalSection(SolutionProperties) = preSolution
		HideSolutionNode = FALSE
	EndGlobalSection
	GlobalSection(ExtensibilityGlobals) = postSolution
		SolutionGuid = {4121B90F-1194-4ED2-96DB-B56CDAAC46CC}
	EndGlobalSection
EndGlobal
